<?xml version="1.0" encoding="utf-8"?>
<Project ToolsVersion="4.0" xmlns="http://schemas.microsoft.com/developer/msbuild/2003">
  <ItemGroup>
    <Filter Include="ソース ファイル">
      <UniqueIdentifier>{4FC737F1-C7A5-4376-A066-2A32D752A2FF}</UniqueIdentifier>
      <Extensions>cpp;c;cc;cxx;c++;cppm;ixx;def;odl;idl;hpj;bat;asm;asmx</Extensions>
    </Filter>
    <Filter Include="ヘッダー ファイル">
      <UniqueIdentifier>{93995380-89BD-4b04-88EB-625FBE52EBFB}</UniqueIdentifier>
      <Extensions>h;hh;hpp;hxx;h++;hm;inl;inc;ipp;xsd</Extensions>
    </Filter>
    <Filter Include="リソース ファイル">
      <UniqueIdentifier>{67DA6AB6-F800-4c08-8B7A-83BB121AAD01}</UniqueIdentifier>
      <Extensions>rc;ico;cur;bmp;dlg;rc2;rct;bin;rgs;gif;jpg;jpeg;jpe;resx;tiff;tif;png;wav;mfcribbon-ms</Extensions>
    </Filter>
    <Filter Include="シェーダー ファイル">
      <UniqueIdentifier>{718c7f4c-fc51-40ad-a221-b9456a7a1a3c}</UniqueIdentifier>
    </Filter>
    <Filter Include="ソース ファイル\scene">
      <UniqueIdentifier>{a2f5e9cd-ac97-4b13-a3e8-7b5f233de61e}</UniqueIdentifier>
    </Filter>
    <Filter Include="ソース ファイル\scene\title">
      <UniqueIdentifier>{3fd040d8-e355-48be-856f-49a81c8e7250}</UniqueIdentifier>
    </Filter>
    <Filter Include="ソース ファイル\scene\core">
      <UniqueIdentifier>{e6f4fd50-168a-486c-8697-cbfac00fb2b8}</UniqueIdentifier>
    </Filter>
    <Filter Include="ソース ファイル\scene\game">
      <UniqueIdentifier>{fa94b073-662f-4728-b7bd-e51ef7ace898}</UniqueIdentifier>
    </Filter>
    <Filter Include="ソース ファイル\scene\result">
      <UniqueIdentifier>{2fbd2746-c361-45b0-ba4d-019209d509b7}</UniqueIdentifier>
    </Filter>
    <Filter Include="ヘッダー ファイル\scene">
      <UniqueIdentifier>{f48868c8-e74c-4a51-a530-12dd766ec281}</UniqueIdentifier>
    </Filter>
    <Filter Include="ヘッダー ファイル\scene\title">
      <UniqueIdentifier>{fe307362-a36c-4fe8-9148-7298f375ec81}</UniqueIdentifier>
    </Filter>
    <Filter Include="ヘッダー ファイル\scene\core">
      <UniqueIdentifier>{564f99fc-7b9f-435e-a5ff-b4475a497ad8}</UniqueIdentifier>
    </Filter>
    <Filter Include="ヘッダー ファイル\scene\game">
      <UniqueIdentifier>{49a212ff-f449-4344-befe-1e4434154ffb}</UniqueIdentifier>
    </Filter>
    <Filter Include="ヘッダー ファイル\scene\result">
      <UniqueIdentifier>{d732efcd-6734-4fe6-b0fe-1bc6ee4731a1}</UniqueIdentifier>
    </Filter>
    <Filter Include="ソース ファイル\player">
      <UniqueIdentifier>{c7d7cb3d-9f82-42ac-98c7-6f66c5108309}</UniqueIdentifier>
    </Filter>
    <Filter Include="ソース ファイル\player\core">
      <UniqueIdentifier>{92534144-fb5d-47ef-84f6-f2f16d9a22e0}</UniqueIdentifier>
    </Filter>
    <Filter Include="ソース ファイル\player\weapons">
      <UniqueIdentifier>{9cfeac72-c54b-4220-9b9a-fa8fcaf937cb}</UniqueIdentifier>
    </Filter>
    <Filter Include="ヘッダー ファイル\player">
      <UniqueIdentifier>{85ec7a51-f9dd-4837-be6d-81b4bd5277ea}</UniqueIdentifier>
    </Filter>
    <Filter Include="ヘッダー ファイル\player\core">
      <UniqueIdentifier>{dcdf7be7-32ef-4a34-8b31-c12d18bf1332}</UniqueIdentifier>
    </Filter>
    <Filter Include="ヘッダー ファイル\player\weapons">
      <UniqueIdentifier>{392f39c4-94df-405f-8b7e-d803a94de362}</UniqueIdentifier>
    </Filter>
    <Filter Include="ソース ファイル\enemy">
      <UniqueIdentifier>{d786fbc0-3e6a-416c-9206-9cba37ec6985}</UniqueIdentifier>
    </Filter>
    <Filter Include="ヘッダー ファイル\enemy">
      <UniqueIdentifier>{ee4d10b2-3bc0-4cb6-9fa0-c6ce3d2859c8}</UniqueIdentifier>
    </Filter>
    <Filter Include="ソース ファイル\core">
      <UniqueIdentifier>{04a2c63e-bbc1-4c4c-a538-c3a5951de3e3}</UniqueIdentifier>
    </Filter>
    <Filter Include="ヘッダー ファイル\core">
      <UniqueIdentifier>{457a20d6-0d7c-4f06-b84d-356e27363977}</UniqueIdentifier>
    </Filter>
    <Filter Include="ソース ファイル\effects">
      <UniqueIdentifier>{b4587b85-0aca-4a0a-875b-4b3f9c35bcd6}</UniqueIdentifier>
    </Filter>
    <Filter Include="ヘッダー ファイル\effects">
      <UniqueIdentifier>{3bdcb735-7cd3-448a-825c-ad4495ef4952}</UniqueIdentifier>
    </Filter>
    <Filter Include="ソース ファイル\world">
      <UniqueIdentifier>{a050eb9d-9550-4664-9b5d-9208c5b83574}</UniqueIdentifier>
    </Filter>
    <Filter Include="ヘッダー ファイル\world">
      <UniqueIdentifier>{2143badb-47e0-4d03-9ad5-b7e3158983ba}</UniqueIdentifier>
    </Filter>
    <Filter Include="ソース ファイル\items">
      <UniqueIdentifier>{a14f61c6-98c7-4692-a3b4-3b0f9d1f4bdc}</UniqueIdentifier>
    </Filter>
    <Filter Include="ヘッダー ファイル\items">
      <UniqueIdentifier>{8f00ae2a-a922-4dbe-82d7-f3244d531a61}</UniqueIdentifier>
    </Filter>
    <Filter Include="ソース ファイル\math">
      <UniqueIdentifier>{1eb2cf09-6fd1-4d16-a8cf-af19563fee4b}</UniqueIdentifier>
    </Filter>
    <Filter Include="ソース ファイル\ui">
      <UniqueIdentifier>{3d2c474a-3a08-4730-8dfa-484c545aa2d1}</UniqueIdentifier>
    </Filter>
    <Filter Include="ソース ファイル\ui\gauge">
      <UniqueIdentifier>{585f3874-59cd-461e-b1fb-0744f39ec1f0}</UniqueIdentifier>
    </Filter>
    <Filter Include="ソース ファイル\ui\hud">
      <UniqueIdentifier>{1fd8b430-216d-4a90-9cd9-af513896f891}</UniqueIdentifier>
    </Filter>
    <Filter Include="ソース ファイル\ui\common">
      <UniqueIdentifier>{7546027a-37af-490c-b13c-5991f86409a2}</UniqueIdentifier>
    </Filter>
    <Filter Include="ヘッダー ファイル\ui">
      <UniqueIdentifier>{ddfef5d3-c31d-4494-9fe7-7f9d30e677b0}</UniqueIdentifier>
    </Filter>
    <Filter Include="ヘッダー ファイル\ui\gauge">
      <UniqueIdentifier>{8c3cd72d-fd1d-49b7-b3af-76a6544c62a7}</UniqueIdentifier>
    </Filter>
    <Filter Include="ヘッダー ファイル\ui\hud">
      <UniqueIdentifier>{53f1142b-10fd-4623-97c7-f14b2f86121f}</UniqueIdentifier>
    </Filter>
    <Filter Include="ヘッダー ファイル\ui\common">
      <UniqueIdentifier>{f334c1cb-e418-4744-b91c-2c6c26326b7e}</UniqueIdentifier>
    </Filter>
  </ItemGroup>
  <ItemGroup>
    <ClCompile Include="core\main.cpp">
      <Filter>ソース ファイル\core</Filter>
    </ClCompile>
    <ClCompile Include="scene\core\IScene.cpp">
      <Filter>ソース ファイル\scene\core</Filter>
    </ClCompile>
    <ClCompile Include="scene\game\GameScene.cpp">
      <Filter>ソース ファイル\scene\game</Filter>
    </ClCompile>
    <ClCompile Include="scene\result\ResultScene.cpp">
      <Filter>ソース ファイル\scene\result</Filter>
    </ClCompile>
    <ClCompile Include="scene\game\GameLevelUpController.cpp">
      <Filter>ソース ファイル\scene\game</Filter>
    </ClCompile>
    <ClCompile Include="scene\game\GamePauseController.cpp">
      <Filter>ソース ファイル\scene\game</Filter>
    </ClCompile>
    <ClCompile Include="scene\game\GameStartController.cpp">
      <Filter>ソース ファイル\scene\game</Filter>
    </ClCompile>
    <ClCompile Include="scene\core\SceneManager.cpp">
      <Filter>ソース ファイル\scene\core</Filter>
    </ClCompile>
    <ClCompile Include="scene\title\TitleScene.cpp">
      <Filter>ソース ファイル\scene\title</Filter>
    </ClCompile>
    <ClCompile Include="player\core\Player.cpp">
      <Filter>ソース ファイル\player\core</Filter>
    </ClCompile>
    <ClCompile Include="enemy\Enemy.cpp">
      <Filter>ソース ファイル\enemy</Filter>
    </ClCompile>
    <ClCompile Include="enemy\EnemyBehavior.cpp">
      <Filter>ソース ファイル\enemy</Filter>
    </ClCompile>
    <ClCompile Include="enemy\EnemyManager.cpp">
      <Filter>ソース ファイル\enemy</Filter>
    </ClCompile>
    <ClCompile Include="effects\Fade.cpp">
      <Filter>ソース ファイル\effects</Filter>
    </ClCompile>
    <ClCompile Include="world\SkyDome.cpp">
      <Filter>ソース ファイル\world</Filter>
    </ClCompile>
    <ClCompile Include="math\WorldTransformEx.cpp">
      <Filter>ソース ファイル\math</Filter>
    </ClCompile>
    <ClCompile Include="ui\gauge\ExpGauge.cpp">
      <Filter>ソース ファイル\ui\gauge</Filter>
    </ClCompile>
    <ClCompile Include="ui\gauge\HpGauge.cpp">
      <Filter>ソース ファイル\ui\gauge</Filter>
    </ClCompile>
    <ClCompile Include="world\GridPlane.cpp">
      <Filter>ソース ファイル\world</Filter>
    </ClCompile>
    <ClCompile Include="effects\RippleEffect.cpp">
      <Filter>ソース ファイル\effects</Filter>
    </ClCompile>
    <ClCompile Include="ui\hud\Score.cpp">
      <Filter>ソース ファイル\ui\hud</Filter>
    </ClCompile>
    <ClCompile Include="effects\HitParticle.cpp">
      <Filter>ソース ファイル\effects</Filter>
    </ClCompile>
    <ClCompile Include="effects\DeathParticle.cpp">
      <Filter>ソース ファイル\effects</Filter>
    </ClCompile>
    <ClCompile Include="items\ExpOrb.cpp">
      <Filter>ソース ファイル\items</Filter>
    </ClCompile>
    <ClCompile Include="player\weapons\OrbitBullet.cpp">
      <Filter>ソース ファイル\player\weapons</Filter>
    </ClCompile>
    <ClCompile Include="player\weapons\NormalBullet.cpp">
      <Filter>ソース ファイル\player\weapons</Filter>
    </ClCompile>
    <ClCompile Include="player\core\PlayerManager.cpp">
      <Filter>ソース ファイル\player\core</Filter>
    </ClCompile>
    <ClCompile Include="player\weapons\Drone.cpp">
      <Filter>ソース ファイル\player\weapons</Filter>
    </ClCompile>
    <ClCompile Include="effects\CurtainTransition.cpp">
      <Filter>ソース ファイル\effects</Filter>
    </ClCompile>
    <ClCompile Include="ui\hud\MiniMap.cpp">
      <Filter>ソース ファイル\ui\hud</Filter>
    </ClCompile>
    <ClCompile Include="ui\hud\Timer.cpp">
      <Filter>ソース ファイル\ui\hud</Filter>
    </ClCompile>
    <ClCompile Include="ui\common\DigitSpriteUtil.cpp">
      <Filter>ソース ファイル\ui\common</Filter>
    </ClCompile>
    <ClCompile Include="ui\common\UIElement.cpp">
      <Filter>ソース ファイル\ui\common</Filter>
    </ClCompile>
    <ClCompile Include="ui\common\UILayoutIO.cpp">
      <Filter>ソース ファイル\ui\common</Filter>
    </ClCompile>
    <ClCompile Include="ui\common\UIPanel.cpp">
      <Filter>ソース ファイル\ui\common</Filter>
    </ClCompile>
    <ClCompile Include="ui\common\UIBar.cpp">
      <Filter>ソース ファイル\ui\common</Filter>
    </ClCompile>
    <ClCompile Include="ui\common\UILabel.cpp">
      <Filter>ソース ファイル\ui\common</Filter>
    </ClCompile>
    <ClCompile Include="ui\hud\KeyUI.cpp">
      <Filter>ソース ファイル\ui\hud</Filter>
    </ClCompile>
    <ClCompile Include="effects\LightningStrikeEffect.cpp">
      <Filter>ソース ファイル</Filter>
    </ClCompile>
  </ItemGroup>
  <ItemGroup>
    <FxCompile Include="Resources\shaders\SpritePS.hlsl">
      <Filter>シェーダー ファイル</Filter>
    </FxCompile>
    <FxCompile Include="Resources\shaders\SpriteVS.hlsl">
      <Filter>シェーダー ファイル</Filter>
    </FxCompile>
    <FxCompile Include="Resources\shaders\ShapeVS.hlsl">
      <Filter>シェーダー ファイル</Filter>
    </FxCompile>
    <FxCompile Include="Resources\shaders\ShapePS.hlsl">
      <Filter>シェーダー ファイル</Filter>
    </FxCompile>
    <FxCompile Include="Resources\shaders\ObjPS.hlsl">
      <Filter>シェーダー ファイル</Filter>
    </FxCompile>
    <FxCompile Include="Resources\shaders\ObjVS.hlsl">
      <Filter>シェーダー ファイル</Filter>
    </FxCompile>
    <FxCompile Include="Resources\shaders\PrimitivePS.hlsl">
      <Filter>シェーダー ファイル</Filter>
    </FxCompile>
    <FxCompile Include="Resources\shaders\PrimitiveVS.hlsl">
      <Filter>シェーダー ファイル</Filter>
    </FxCompile>
    <FxCompile Include="Resources\shaders\TerrainPS.hlsl">
      <Filter>シェーダー ファイル</Filter>
    </FxCompile>
    <FxCompile Include="Resources\shaders\TerrainVS.hlsl">
      <Filter>シェーダー ファイル</Filter>
    </FxCompile>
  </ItemGroup>
  <ItemGroup>
    <None Include="Resources\shaders\Sprite.hlsli">
      <Filter>シェーダー ファイル</Filter>
    </None>
    <None Include="Resources\shaders\Shape.hlsli">
      <Filter>シェーダー ファイル</Filter>
    </None>
    <None Include="Resources\shaders\Obj.hlsli">
      <Filter>シェーダー ファイル</Filter>
    </None>
    <None Include="Resources\shaders\Primitive.hlsli">
      <Filter>シェーダー ファイル</Filter>
    </None>
    <None Include="Resources\shaders\Terrain.hlsli">
      <Filter>シェーダー ファイル</Filter>
    </None>
  </ItemGroup>
  <ItemGroup>
    <ClInclude Include="scene\game\GameScene.h">
      <Filter>ヘッダー ファイル\scene\game</Filter>
    </ClInclude>
    <ClInclude Include="scene\result\ResultScene.h">
      <Filter>ヘッダー ファイル\scene\result</Filter>
    </ClInclude>
    <ClInclude Include="scene\game\GameLevelUpController.h">
      <Filter>ヘッダー ファイル\scene\game</Filter>
    </ClInclude>
    <ClInclude Include="scene\game\GamePauseController.h">
      <Filter>ヘッダー ファイル\scene\game</Filter>
    </ClInclude>
    <ClInclude Include="scene\game\GameStartController.h">
      <Filter>ヘッダー ファイル\scene\game</Filter>
    </ClInclude>
    <ClInclude Include="scene\core\IScene.h">
      <Filter>ヘッダー ファイル\scene\core</Filter>
    </ClInclude>
    <ClInclude Include="scene\core\SceneManager.h">
      <Filter>ヘッダー ファイル\scene\core</Filter>
    </ClInclude>
    <ClInclude Include="scene\title\TitleScene.h">
      <Filter>ヘッダー ファイル\scene\title</Filter>
    </ClInclude>
    <ClInclude Include="player\core\Player.h">
      <Filter>ヘッダー ファイル\player\core</Filter>
    </ClInclude>
    <ClInclude Include="enemy\Enemy.h">
      <Filter>ヘッダー ファイル\enemy</Filter>
    </ClInclude>
    <ClInclude Include="enemy\EnemyBehavior.h">
      <Filter>ヘッダー ファイル\enemy</Filter>
    </ClInclude>
    <ClInclude Include="enemy\EnemyManager.h">
      <Filter>ヘッダー ファイル\enemy</Filter>
    </ClInclude>
    <ClInclude Include="effects\Fade.h">
      <Filter>ヘッダー ファイル\effects</Filter>
    </ClInclude>
    <ClInclude Include="world\SkyDome.h">
      <Filter>ヘッダー ファイル\world</Filter>
    </ClInclude>
    <ClInclude Include="ui\gauge\ExpGauge.h">
      <Filter>ヘッダー ファイル\ui\gauge</Filter>
    </ClInclude>
    <ClInclude Include="ui\gauge\HpGauge.h">
      <Filter>ヘッダー ファイル\ui\gauge</Filter>
    </ClInclude>
    <ClInclude Include="world\GridPlane.h">
      <Filter>ヘッダー ファイル\world</Filter>
    </ClInclude>
    <ClInclude Include="core\GameSessionContext.h">
      <Filter>ヘッダー ファイル\core</Filter>
    </ClInclude>
    <ClInclude Include="effects\RippleEffect.h">
      <Filter>ヘッダー ファイル\effects</Filter>
    </ClInclude>
    <ClInclude Include="ui\hud\Score.h">
      <Filter>ヘッダー ファイル\ui\hud</Filter>
    </ClInclude>
    <ClInclude Include="effects\HitParticle.h">
      <Filter>ヘッダー ファイル\effects</Filter>
    </ClInclude>
    <ClInclude Include="effects\DeathParticle.h">
      <Filter>ヘッダー ファイル\effects</Filter>
    </ClInclude>
    <ClInclude Include="items\ExpOrb.h">
      <Filter>ヘッダー ファイル\items</Filter>
    </ClInclude>
    <ClInclude Include="player\weapons\OrbitBullet.h">
      <Filter>ヘッダー ファイル\player\weapons</Filter>
    </ClInclude>
    <ClInclude Include="player\weapons\Bullet.h">
      <Filter>ヘッダー ファイル\player\weapons</Filter>
    </ClInclude>
    <ClInclude Include="player\weapons\NormalBullet.h">
      <Filter>ヘッダー ファイル\player\weapons</Filter>
    </ClInclude>
    <ClInclude Include="player\core\PlayerManager.h">
      <Filter>ヘッダー ファイル\player\core</Filter>
    </ClInclude>
    <ClInclude Include="player\weapons\Drone.h">
      <Filter>ヘッダー ファイル\player\weapons</Filter>
    </ClInclude>
    <ClInclude Include="effects\CurtainTransition.h">
      <Filter>ヘッダー ファイル\effects</Filter>
    </ClInclude>
    <ClInclude Include="core\ModelCache.h">
      <Filter>ヘッダー ファイル\core</Filter>
    </ClInclude>
    <ClInclude Include="ui\hud\MiniMap.h">
      <Filter>ヘッダー ファイル\ui\hud</Filter>
    </ClInclude>
    <ClInclude Include="ui\hud\Timer.h">
      <Filter>ヘッダー ファイル\ui\hud</Filter>
    </ClInclude>
    <ClInclude Include="ui\common\DigitSpriteUtil.h">
      <Filter>ヘッダー ファイル\ui\common</Filter>
    </ClInclude>
    <ClInclude Include="ui\common\UIElement.h">
      <Filter>ヘッダー ファイル\ui\common</Filter>
    </ClInclude>
    <ClInclude Include="ui\common\UILayoutIO.h">
      <Filter>ヘッダー ファイル\ui\common</Filter>
    </ClInclude>
    <ClInclude Include="ui\common\UIPanel.h">
      <Filter>ヘッダー ファイル\ui\common</Filter>
    </ClInclude>
    <ClInclude Include="ui\common\UIBar.h">
      <Filter>ヘッダー ファイル\ui\common</Filter>
    </ClInclude>
    <ClInclude Include="ui\common\UILabel.h">
      <Filter>ヘッダー ファイル\ui\common</Filter>
    </ClInclude>
    <ClInclude Include="ui\hud\KeyUI.h">
      <Filter>ヘッダー ファイル\ui\hud</Filter>
    </ClInclude>
    <ClInclude Include="effects\LightningStrikeEffect.h">
      <Filter>ヘッダー ファイル</Filter>
    </ClInclude>
  </ItemGroup>
</Project>